
Microsoft Visual Studio Solution File, Format Version 12.00
# Visual Studio 15
Project("{FAE04EC0-301F-11D3-BF4B-00C04F79EFBC}") = "MachineIntelligence-TPLDataFlows", "MachineIntelligenceTPLDataFlows\MachineIntelligence-TPLDataFlows.csproj", "{2FD78114-ADA1-4834-B6BF-4399FFFE6B68}"
EndProject
Global
	GlobalSection(SolutionConfigurationPlatforms) = preSolution
		Debug|Any CPU = Debug|Any CPU
		Release|Any CPU = Release|Any CPU
	EndGlobalSection
	GlobalSection(ProjectConfigurationPlatforms) = postSolution
		{2FD78114-ADA1-4834-B6BF-4399FFFE6B68}.Debug|Any CPU.ActiveCfg = Debug|Any CPU
		{2FD78114-ADA1-4834-B6BF-4399FFFE6B68}.Debug|Any CPU.Build.0 = Debug|Any CPU
		{2FD78114-ADA1-4834-B6BF-4399FFFE6B68}.Release|Any CPU.ActiveCfg = Release|Any CPU
		{2FD78114-ADA1-4834-B6BF-4399FFFE6B68}.Release|Any CPU.Build.0 = Release|Any CPU
	EndGlobalSection
EndGlobal
